
Microsoft Visual Studio Solution File, Format Version 12.00
# Visual Studio Version 17
VisualStudioVersion = 17.4.33213.308
MinimumVisualStudioVersion = 10.0.40219.1
Project("{FAE04EC0-301F-11D3-BF4B-00C04F79EFBC}") = "BlockchainCertificatesIssuer", "BlockchainCertificatesIssuer\BlockchainCertificatesIssuer.csproj", "{628C5659-4760-410E-A234-BE4B4CBE5498}"
EndProject
Global
	GlobalSection(SolutionConfigurationPlatforms) = preSolution
		Debug|Any CPU = Debug|Any CPU
		Release|Any CPU = Release|Any CPU
	EndGlobalSection
	GlobalSection(ProjectConfigurationPlatforms) = postSolution
		{628C5659-4760-410E-A234-BE4B4CBE5498}.Debug|Any CPU.ActiveCfg = Debug|Any CPU
		{628C5659-4760-410E-A234-BE4B4CBE5498}.Debug|Any CPU.Build.0 = Debug|Any CPU
		{628C5659-4760-410E-A234-BE4B4CBE5498}.Release|Any CPU.ActiveCfg = Release|Any CPU
		{628C5659-4760-410E-A234-BE4B4CBE5498}.Release|Any CPU.Build.0 = Release|Any CPU
	EndGlobalSection
	GlobalSection(SolutionProperties) = preSolution
		HideSolutionNode = FALSE
	EndGlobalSection
	GlobalSection(ExtensibilityGlobals) = postSolution
		SolutionGuid = {3389E524-2AB5-49A3-A51F-A03DEA6A9C21}
	EndGlobalSection
EndGlobal
