
Microsoft Visual Studio Solution File, Format Version 12.00
# Visual Studio Version 17
VisualStudioVersion = 17.4.33213.308
MinimumVisualStudioVersion = 10.0.40219.1
Project("{9A19103F-16F7-4668-BE54-9A1E7A4F7556}") = "BlockchainCertificatesIssuer.API", "BlockchainCertificatesIssuer\BlockchainCertificatesIssuer.API.csproj", "{B5ABB82F-754D-4810-BA23-61E69983D52D}"
EndProject
Project("{9A19103F-16F7-4668-BE54-9A1E7A4F7556}") = "BlockchainCertificatesIssuer.Infrastructure", "BlockchainCertificatesIssuer-Infrastructure\BlockchainCertificatesIssuer.Infrastructure.csproj", "{AA3EA3E0-E622-4125-B5BC-F964CE889219}"
EndProject
Global
	GlobalSection(SolutionConfigurationPlatforms) = preSolution
		Debug|Any CPU = Debug|Any CPU
		Release|Any CPU = Release|Any CPU
	EndGlobalSection
	GlobalSection(ProjectConfigurationPlatforms) = postSolution
		{B5ABB82F-754D-4810-BA23-61E69983D52D}.Debug|Any CPU.ActiveCfg = Debug|Any CPU
		{B5ABB82F-754D-4810-BA23-61E69983D52D}.Debug|Any CPU.Build.0 = Debug|Any CPU
		{B5ABB82F-754D-4810-BA23-61E69983D52D}.Release|Any CPU.ActiveCfg = Release|Any CPU
		{B5ABB82F-754D-4810-BA23-61E69983D52D}.Release|Any CPU.Build.0 = Release|Any CPU
		{AA3EA3E0-E622-4125-B5BC-F964CE889219}.Debug|Any CPU.ActiveCfg = Debug|Any CPU
		{AA3EA3E0-E622-4125-B5BC-F964CE889219}.Debug|Any CPU.Build.0 = Debug|Any CPU
		{AA3EA3E0-E622-4125-B5BC-F964CE889219}.Release|Any CPU.ActiveCfg = Release|Any CPU
		{AA3EA3E0-E622-4125-B5BC-F964CE889219}.Release|Any CPU.Build.0 = Release|Any CPU
	EndGlobalSection
	GlobalSection(SolutionProperties) = preSolution
		HideSolutionNode = FALSE
	EndGlobalSection
	GlobalSection(ExtensibilityGlobals) = postSolution
		SolutionGuid = {62EF33AD-43EC-4911-BFBD-4E8C618230EF}
	EndGlobalSection
EndGlobal
